
Microsoft Visual Studio Solution File, Format Version 12.00
# Visual Studio Version 17
VisualStudioVersion = 17.10.35122.118
MinimumVisualStudioVersion = 10.0.40219.1
Project("{9A19103F-16F7-4668-BE54-9A1E7A4F7556}") = "CommonModule", "CommonModule\CommonModule.csproj", "{BC8F91AE-DE6F-4D51-A084-03805D1ACAAB}"
EndProject
Project("{9A19103F-16F7-4668-BE54-9A1E7A4F7556}") = "Admin Module", "Admin Module\Admin Module.csproj", "{C25FAA7E-A5A2-42AC-B395-17660F6398FA}"
	ProjectSection(ProjectDependencies) = postProject
		{BC8F91AE-DE6F-4D51-A084-03805D1ACAAB} = {BC8F91AE-DE6F-4D51-A084-03805D1ACAAB}
	EndProjectSection
EndProject
Project("{9A19103F-16F7-4668-BE54-9A1E7A4F7556}") = "Customer Module", "Customer Module\Customer Module.csproj", "{68ABA73D-944F-4C29-8A80-71B2A211DC16}"
	ProjectSection(ProjectDependencies) = postProject
		{BC8F91AE-DE6F-4D51-A084-03805D1ACAAB} = {BC8F91AE-DE6F-4D51-A084-03805D1ACAAB}
	EndProjectSection
EndProject
Global
	GlobalSection(SolutionConfigurationPlatforms) = preSolution
		Debug|Any CPU = Debug|Any CPU
		Release|Any CPU = Release|Any CPU
	EndGlobalSection
	GlobalSection(ProjectConfigurationPlatforms) = postSolution
		{BC8F91AE-DE6F-4D51-A084-03805D1ACAAB}.Debug|Any CPU.ActiveCfg = Debug|Any CPU
		{BC8F91AE-DE6F-4D51-A084-03805D1ACAAB}.Debug|Any CPU.Build.0 = Debug|Any CPU
		{BC8F91AE-DE6F-4D51-A084-03805D1ACAAB}.Release|Any CPU.ActiveCfg = Release|Any CPU
		{BC8F91AE-DE6F-4D51-A084-03805D1ACAAB}.Release|Any CPU.Build.0 = Release|Any CPU
		{C25FAA7E-A5A2-42AC-B395-17660F6398FA}.Debug|Any CPU.ActiveCfg = Debug|Any CPU
		{C25FAA7E-A5A2-42AC-B395-17660F6398FA}.Debug|Any CPU.Build.0 = Debug|Any CPU
		{C25FAA7E-A5A2-42AC-B395-17660F6398FA}.Release|Any CPU.ActiveCfg = Release|Any CPU
		{C25FAA7E-A5A2-42AC-B395-17660F6398FA}.Release|Any CPU.Build.0 = Release|Any CPU
		{68ABA73D-944F-4C29-8A80-71B2A211DC16}.Debug|Any CPU.ActiveCfg = Debug|Any CPU
		{68ABA73D-944F-4C29-8A80-71B2A211DC16}.Debug|Any CPU.Build.0 = Debug|Any CPU
		{68ABA73D-944F-4C29-8A80-71B2A211DC16}.Release|Any CPU.ActiveCfg = Release|Any CPU
		{68ABA73D-944F-4C29-8A80-71B2A211DC16}.Release|Any CPU.Build.0 = Release|Any CPU
	EndGlobalSection
	GlobalSection(SolutionProperties) = preSolution
		HideSolutionNode = FALSE
	EndGlobalSection
	GlobalSection(ExtensibilityGlobals) = postSolution
		SolutionGuid = {45784C5D-BC7E-452C-ACF2-635E0790C833}
	EndGlobalSection
EndGlobal
